<Solution>
  <Folder Name="/src/">
    <Project Path="src/Compono/Compono.csproj" />
    <Project Path="src/Compono.Generators/Compono.Generators.csproj" />
  </Folder>
  <Folder Name="/test/">
    <Project Path="test/Compono.Tests/Compono.Tests.csproj" />
    <Project Path="test/Compono.Generators.Tests/Compono.Generators.Tests.csproj" />
  </Folder>
  <Folder Name="/benchmarks/">
    <Project Path="benchmarks/Compono.Benchmarks/Compono.Benchmarks.csproj" />
  </Folder>
</Solution>
