<Solution>
  <Folder Name="/src/">
    <Project Path="src/Compono/Compono.csproj" />
    <Project Path="src/Compono.Generators/Compono.Generators.csproj" />
    <Project Path="src/Compono.XunitV3/Compono.XunitV3.csproj" />
    <Project Path="src/Compono.NSubstitute/Compono.NSubstitute.csproj" />
    <Project Path="src/Compono.Bogus/Compono.Bogus.csproj" />
  </Folder>
  <Folder Name="/test/">
    <Project Path="test/Compono.Tests/Compono.Tests.csproj" />
    <Project Path="test/Compono.Generators.Tests/Compono.Generators.Tests.csproj" />
    <Project Path="test/Compono.XunitV3.Tests/Compono.XunitV3.Tests.csproj" />
    <Project Path="test/Compono.NSubstitute.Tests/Compono.NSubstitute.Tests.csproj" />
    <Project Path="test/Compono.Bogus.Tests/Compono.Bogus.Tests.csproj" />
  </Folder>
  <Folder Name="/benchmarks/">
    <Project Path="benchmarks/Compono.Benchmarks/Compono.Benchmarks.csproj" />
  </Folder>
  <Folder Name="/samples/">
    <Project Path="samples/Compono.Samples.BasicUsage/Compono.Samples.BasicUsage.csproj" />
    <Project Path="samples/Compono.Samples.AspNetApi/Compono.Samples.AspNetApi.csproj" />
    <Project Path="samples/Compono.Samples.AspNetApi.Tests/Compono.Samples.AspNetApi.Tests.csproj" />
  </Folder>
</Solution>
